
Microsoft Visual Studio Solution File, Format Version 12.00
# Visual Studio Version 17
VisualStudioVersion = 17.10.34928.147
MinimumVisualStudioVersion = 10.0.40219.1
Project("{FAE04EC0-301F-11D3-BF4B-00C04F79EFBC}") = "DotNetApi", "DotNetApi.csproj", "{69B5CA01-9A9F-42FE-BB75-EF9C0246DC8B}"
EndProject
Global
	GlobalSection(SolutionConfigurationPlatforms) = preSolution
		Debug|Any CPU = Debug|Any CPU
		Release|Any CPU = Release|Any CPU
	EndGlobalSection
	GlobalSection(ProjectConfigurationPlatforms) = postSolution
		{69B5CA01-9A9F-42FE-BB75-EF9C0246DC8B}.Debug|Any CPU.ActiveCfg = Debug|Any CPU
		{69B5CA01-9A9F-42FE-BB75-EF9C0246DC8B}.Debug|Any CPU.Build.0 = Debug|Any CPU
		{69B5CA01-9A9F-42FE-BB75-EF9C0246DC8B}.Release|Any CPU.ActiveCfg = Release|Any CPU
		{69B5CA01-9A9F-42FE-BB75-EF9C0246DC8B}.Release|Any CPU.Build.0 = Release|Any CPU
	EndGlobalSection
	GlobalSection(SolutionProperties) = preSolution
		HideSolutionNode = FALSE
	EndGlobalSection
	GlobalSection(ExtensibilityGlobals) = postSolution
		SolutionGuid = {64CF086E-FC4F-4661-AE93-C5E336C1F737}
	EndGlobalSection
EndGlobal
